{
  "name": "json-schema-to-ts",
  "version": "1.0.0",
  "lockfileVersion": 3,
  "requires": true,
  "packages": {
    "": {
      "name": "json-schema-to-ts",
      "version": "1.0.0",
      "license": "ISC",
      "dependencies": {
        "type-fest": "^5.2.0",
        "typescript-tuple": "^5.0.1"
      },
      "devDependencies": {
        "typescript": "^5.9.3"
      }
    },
    "node_modules/tagged-tag": {
      "version": "1.0.0",
      "resolved": "https://registry.npmjs.org/tagged-tag/-/tagged-tag-1.0.0.tgz",
      "integrity": "sha512-yEFYrVhod+hdNyx7g5Bnkkb0G6si8HJurOoOEgC8B/O0uXLHlaey/65KRv6cuWBNhBgHKAROVpc7QyYqE5gFng==",
      "license": "MIT",
      "engines": {
        "node": ">=20"
      },
      "funding": {
        "url": "https://github.com/sponsors/sindresorhus"
      }
    },
    "node_modules/type-fest": {
      "version": "5.2.0",
      "resolved": "https://registry.npmjs.org/type-fest/-/type-fest-5.2.0.tgz",
      "integrity": "sha512-xxCJm+Bckc6kQBknN7i9fnP/xobQRsRQxR01CztFkp/h++yfVxUUcmMgfR2HttJx/dpWjS9ubVuyspJv24Q9DA==",
      "license": "(MIT OR CC0-1.0)",
      "dependencies": {
        "tagged-tag": "^1.0.0"
      },
      "engines": {
        "node": ">=20"
      },
      "funding": {
        "url": "https://github.com/sponsors/sindresorhus"
      }
    },
    "node_modules/typescript": {
      "version": "5.9.3",
      "resolved": "https://registry.npmjs.org/typescript/-/typescript-5.9.3.tgz",
      "integrity": "sha512-jl1vZzPDinLr9eUt3J/t7V6FgNEw9QjvBPdysz9KfQDD41fQrC2Y4vKQdiaUpFT4bXlb1RHhLpp8wtm6M5TgSw==",
      "dev": true,
      "license": "Apache-2.0",
      "bin": {
        "tsc": "bin/tsc",
        "tsserver": "bin/tsserver"
      },
      "engines": {
        "node": ">=14.17"
      }
    },
    "node_modules/typescript-compare": {
      "version": "0.0.2",
      "resolved": "https://registry.npmjs.org/typescript-compare/-/typescript-compare-0.0.2.tgz",
      "integrity": "sha512-8ja4j7pMHkfLJQO2/8tut7ub+J3Lw2S3061eJLFQcvs3tsmJKp8KG5NtpLn7KcY2w08edF74BSVN7qJS0U6oHA==",
      "license": "MIT",
      "dependencies": {
        "typescript-logic": "^0.0.0"
      }
    },
    "node_modules/typescript-logic": {
      "version": "0.0.0",
      "resolved": "https://registry.npmjs.org/typescript-logic/-/typescript-logic-0.0.0.tgz",
      "integrity": "sha512-zXFars5LUkI3zP492ls0VskH3TtdeHCqu0i7/duGt60i5IGPIpAHE/DWo5FqJ6EjQ15YKXrt+AETjv60Dat34Q==",
      "license": "MIT"
    },
    "node_modules/typescript-tuple": {
      "version": "5.0.1",
      "resolved": "https://registry.npmjs.org/typescript-tuple/-/typescript-tuple-5.0.1.tgz",
      "integrity": "sha512-QdAYG/L0vUwtJUVGHmp+Jt8/2l+gOMFwCwLpIhUHNDUxyLWOxuDR/2HWNUNGJtZJuoDvOF3yXMSeK9h90H0OiA==",
      "license": "MIT",
      "dependencies": {
        "typescript-compare": "^0.0.2"
      }
    }
  }
}
